
Microsoft Visual Studio Solution File, Format Version 12.00
# Visual Studio Version 17
VisualStudioVersion = 17.13.35825.156 d17.13
MinimumVisualStudioVersion = 10.0.40219.1
Project("{FAE04EC0-301F-11D3-BF4B-00C04F79EFBC}") = "G1_MysteryGame_Evolution1", "G1_MysteryGame_Evolution1.csproj", "{4F105314-1B1D-4868-BB25-4B64F9DD1DD0}"
EndProject
Global
	GlobalSection(SolutionConfigurationPlatforms) = preSolution
		Debug|Any CPU = Debug|Any CPU
		Release|Any CPU = Release|Any CPU
	EndGlobalSection
	GlobalSection(ProjectConfigurationPlatforms) = postSolution
		{4F105314-1B1D-4868-BB25-4B64F9DD1DD0}.Debug|Any CPU.ActiveCfg = Debug|Any CPU
		{4F105314-1B1D-4868-BB25-4B64F9DD1DD0}.Debug|Any CPU.Build.0 = Debug|Any CPU
		{4F105314-1B1D-4868-BB25-4B64F9DD1DD0}.Release|Any CPU.ActiveCfg = Release|Any CPU
		{4F105314-1B1D-4868-BB25-4B64F9DD1DD0}.Release|Any CPU.Build.0 = Release|Any CPU
	EndGlobalSection
	GlobalSection(SolutionProperties) = preSolution
		HideSolutionNode = FALSE
	EndGlobalSection
	GlobalSection(ExtensibilityGlobals) = postSolution
		SolutionGuid = {F572FFDD-9DBE-4771-9914-75444CBF0BCB}
	EndGlobalSection
EndGlobal
